<?xml version="1.0" encoding="utf-8"?>
<Project ToolsVersion="4.0" xmlns="http://schemas.microsoft.com/developer/msbuild/2003">
  <ItemGroup>
    <Filter Include="Source Files">
      <UniqueIdentifier>{4FC737F1-C7A5-4376-A066-2A32D752A2FF}</UniqueIdentifier>
      <Extensions>cpp;c;cc;cxx;c++;cppm;ixx;def;odl;idl;hpj;bat;asm;asmx</Extensions>
    </Filter>
    <Filter Include="Header Files">
      <UniqueIdentifier>{93995380-89BD-4b04-88EB-625FBE52EBFB}</UniqueIdentifier>
      <Extensions>h;hh;hpp;hxx;h++;hm;inl;inc;ipp;xsd</Extensions>
    </Filter>
    <Filter Include="Resource Files">
      <UniqueIdentifier>{67DA6AB6-F800-4c08-8B7A-83BB121AAD01}</UniqueIdentifier>
      <Extensions>rc;ico;cur;bmp;dlg;rc2;rct;bin;rgs;gif;jpg;jpeg;jpe;resx;tiff;tif;png;wav;mfcribbon-ms</Extensions>
    </Filter>
    <Filter Include="Source Files\vendor">
      <UniqueIdentifier>{4dc28bbe-8982-42f9-97ce-9a9c95254d6b}</UniqueIdentifier>
    </Filter>
    <Filter Include="Source Files\data_structures">
      <UniqueIdentifier>{3be2e45c-48c5-43f5-993a-ec54dec515a5}</UniqueIdentifier>
    </Filter>
    <Filter Include="Source Files\helpers">
      <UniqueIdentifier>{596357ed-30df-48ff-9110-54e42dcbf873}</UniqueIdentifier>
    </Filter>
    <Filter Include="Source Files\shaders">
      <UniqueIdentifier>{c36893a0-8042-4352-9175-05f8a64631b5}</UniqueIdentifier>
    </Filter>
  </ItemGroup>
  <ItemGroup>
    <ClCompile Include="main.cpp">
      <Filter>Source Files</Filter>
    </ClCompile>
    <ClCompile Include="WindowManager.cpp">
      <Filter>Source Files</Filter>
    </ClCompile>
    <ClCompile Include="Game.cpp">
      <Filter>Source Files</Filter>
    </ClCompile>
    <ClCompile Include="MenuObject.cpp">
      <Filter>Source Files</Filter>
    </ClCompile>
    <ClCompile Include="Shader.cpp">
      <Filter>Source Files</Filter>
    </ClCompile>
    <ClCompile Include="glad.c">
      <Filter>Source Files</Filter>
    </ClCompile>
    <ClCompile Include="MenuWindow.cpp">
      <Filter>Source Files</Filter>
    </ClCompile>
    <ClCompile Include="data_structures\List.cpp">
      <Filter>Source Files\data_structures</Filter>
    </ClCompile>
    <ClCompile Include="helpers\MatrixTool.cpp">
      <Filter>Source Files\helpers</Filter>
    </ClCompile>
    <ClCompile Include="Playground.cpp">
      <Filter>Source Files</Filter>
    </ClCompile>
    <ClCompile Include="TetrisGrid.cpp">
      <Filter>Source Files</Filter>
    </ClCompile>
    <ClCompile Include="Tetromino.cpp">
      <Filter>Source Files</Filter>
    </ClCompile>
    <ClCompile Include="NextTetrominosWindow.cpp">
      <Filter>Source Files</Filter>
    </ClCompile>
    <ClCompile Include="helpers\misc.cpp">
      <Filter>Source Files\helpers</Filter>
    </ClCompile>
    <ClCompile Include="TextRenderer.cpp">
      <Filter>Source Files</Filter>
    </ClCompile>
    <ClCompile Include="ScoreBox.cpp">
      <Filter>Source Files</Filter>
    </ClCompile>
    <ClCompile Include="FontLoader.cpp">
      <Filter>Source Files</Filter>
    </ClCompile>
    <ClCompile Include="LayoutContainer.cpp">
      <Filter>Source Files</Filter>
    </ClCompile>
    <ClCompile Include="LayoutElement.cpp">
      <Filter>Source Files</Filter>
    </ClCompile>
    <ClCompile Include="Renderable.cpp">
      <Filter>Source Files</Filter>
    </ClCompile>
    <ClCompile Include="Button.cpp">
      <Filter>Source Files</Filter>
    </ClCompile>
    <ClCompile Include="Sprite.cpp">
      <Filter>Source Files</Filter>
    </ClCompile>
    <ClCompile Include="LayoutEntity.cpp">
      <Filter>Source Files</Filter>
    </ClCompile>
  </ItemGroup>
  <ItemGroup>
    <ClInclude Include="Game.h">
      <Filter>Header Files</Filter>
    </ClInclude>
    <ClInclude Include="WindowManager.h">
      <Filter>Header Files</Filter>
    </ClInclude>
    <ClInclude Include="MenuObject.h">
      <Filter>Header Files</Filter>
    </ClInclude>
    <ClInclude Include="Shader.h">
      <Filter>Header Files</Filter>
    </ClInclude>
    <ClInclude Include="MenuWindow.h">
      <Filter>Header Files</Filter>
    </ClInclude>
    <ClInclude Include="data_structures\List.h">
      <Filter>Source Files\data_structures</Filter>
    </ClInclude>
    <ClInclude Include="helpers\MatrixTool.h">
      <Filter>Source Files\helpers</Filter>
    </ClInclude>
    <ClInclude Include="Playground.h">
      <Filter>Header Files</Filter>
    </ClInclude>
    <ClInclude Include="TetrisGrid.h">
      <Filter>Header Files</Filter>
    </ClInclude>
    <ClInclude Include="data_structures\misc.h">
      <Filter>Source Files\data_structures</Filter>
    </ClInclude>
    <ClInclude Include="Tetromino.h">
      <Filter>Header Files</Filter>
    </ClInclude>
    <ClInclude Include="NextTetrominosWindow.h">
      <Filter>Header Files</Filter>
    </ClInclude>
    <ClInclude Include="helpers\misc.h">
      <Filter>Source Files\helpers</Filter>
    </ClInclude>
    <ClInclude Include="TextRenderer.h">
      <Filter>Header Files</Filter>
    </ClInclude>
    <ClInclude Include="ScoreBox.h">
      <Filter>Header Files</Filter>
    </ClInclude>
    <ClInclude Include="FontLoader.h">
      <Filter>Header Files</Filter>
    </ClInclude>
    <ClInclude Include="LayoutContainer.h">
      <Filter>Header Files</Filter>
    </ClInclude>
    <ClInclude Include="LayoutElement.h">
      <Filter>Header Files</Filter>
    </ClInclude>
    <ClInclude Include="Renderable.h">
      <Filter>Header Files</Filter>
    </ClInclude>
    <ClInclude Include="Button.h">
      <Filter>Header Files</Filter>
    </ClInclude>
    <ClInclude Include="vendor\stb_image.h">
      <Filter>Source Files</Filter>
    </ClInclude>
    <ClInclude Include="Sprite.h">
      <Filter>Header Files</Filter>
    </ClInclude>
    <ClInclude Include="LayoutEntity.h">
      <Filter>Header Files</Filter>
    </ClInclude>
  </ItemGroup>
  <ItemGroup>
    <None Include="shaders\rect.vert.glsl">
      <Filter>Source Files\shaders</Filter>
    </None>
    <None Include="shaders\rect.frag.glsl">
      <Filter>Source Files\shaders</Filter>
    </None>
    <None Include="shaders\text.frag.glsl">
      <Filter>Source Files\shaders</Filter>
    </None>
    <None Include="shaders\text.vert.glsl">
      <Filter>Source Files\shaders</Filter>
    </None>
    <None Include="shaders\test.frag.glsl">
      <Filter>Source Files\shaders</Filter>
    </None>
    <None Include="shaders\test.vert.glsl">
      <Filter>Source Files\shaders</Filter>
    </None>
    <None Include="shaders\sprite.frag.glsl">
      <Filter>Source Files\shaders</Filter>
    </None>
    <None Include="shaders\sprite.vert.glsl">
      <Filter>Source Files\shaders</Filter>
    </None>
    <None Include="shader.frag">
      <Filter>Source Files</Filter>
    </None>
    <None Include="shader.vert">
      <Filter>Source Files</Filter>
    </None>
  </ItemGroup>
</Project>